
Microsoft Visual Studio Solution File, Format Version 12.00
# Visual Studio Version 17
VisualStudioVersion = 17.14.36212.18 d17.14
MinimumVisualStudioVersion = 10.0.40219.1
Project("{FAE04EC0-301F-11D3-BF4B-00C04F79EFBC}") = "HelloMVC", "HelloMVC\HelloMVC.csproj", "{0DBC69B6-6F2E-4F86-8184-69641B50D41A}"
EndProject
Global
	GlobalSection(SolutionConfigurationPlatforms) = preSolution
		Debug|Any CPU = Debug|Any CPU
		Release|Any CPU = Release|Any CPU
	EndGlobalSection
	GlobalSection(ProjectConfigurationPlatforms) = postSolution
		{0DBC69B6-6F2E-4F86-8184-69641B50D41A}.Debug|Any CPU.ActiveCfg = Debug|Any CPU
		{0DBC69B6-6F2E-4F86-8184-69641B50D41A}.Debug|Any CPU.Build.0 = Debug|Any CPU
		{0DBC69B6-6F2E-4F86-8184-69641B50D41A}.Release|Any CPU.ActiveCfg = Release|Any CPU
		{0DBC69B6-6F2E-4F86-8184-69641B50D41A}.Release|Any CPU.Build.0 = Release|Any CPU
	EndGlobalSection
	GlobalSection(SolutionProperties) = preSolution
		HideSolutionNode = FALSE
	EndGlobalSection
	GlobalSection(ExtensibilityGlobals) = postSolution
		SolutionGuid = {3C55641B-4B17-4B34-91FA-30895753743D}
	EndGlobalSection
EndGlobal
